
Microsoft Visual Studio Solution File, Format Version 12.00
# Visual Studio Version 16
VisualStudioVersion = 25.0.1706.14
MinimumVisualStudioVersion = 10.0.40219.1
Project("{FAE04EC0-301F-11D3-BF4B-00C04F79EFBC}") = "TraceabilityComplianceSystem", "TraceabilityComplianceSystem\TraceabilityComplianceSystem.csproj", "{527EDF0D-13BE-4087-A138-FB28BE93BF3B}"
EndProject
Global
	GlobalSection(SolutionConfigurationPlatforms) = preSolution
		Debug|Any CPU = Debug|Any CPU
		Release|Any CPU = Release|Any CPU
	EndGlobalSection
	GlobalSection(ProjectConfigurationPlatforms) = postSolution
		{527EDF0D-13BE-4087-A138-FB28BE93BF3B}.Debug|Any CPU.ActiveCfg = Debug|Any CPU
		{527EDF0D-13BE-4087-A138-FB28BE93BF3B}.Debug|Any CPU.Build.0 = Debug|Any CPU
		{527EDF0D-13BE-4087-A138-FB28BE93BF3B}.Release|Any CPU.ActiveCfg = Release|Any CPU
		{527EDF0D-13BE-4087-A138-FB28BE93BF3B}.Release|Any CPU.Build.0 = Release|Any CPU
	EndGlobalSection
	GlobalSection(SolutionProperties) = preSolution
		HideSolutionNode = FALSE
	EndGlobalSection
	GlobalSection(ExtensibilityGlobals) = postSolution
		SolutionGuid = {4EBA6BDF-FB84-4E5E-BC07-44FDA6995CF0}
	EndGlobalSection
EndGlobal
